
Microsoft Visual Studio Solution File, Format Version 12.00
# Visual Studio Version 16
VisualStudioVersion = 16.0.31410.357
MinimumVisualStudioVersion = 10.0.40219.1
Project("{FAE04EC0-301F-11D3-BF4B-00C04F79EFBC}") = "UtilityKnife", "UtilityKnife\UtilityKnife.csproj", "{698B5EDF-899B-4A2F-8192-4B375C579E24}"
EndProject
Global
	GlobalSection(SolutionConfigurationPlatforms) = preSolution
		Debug|Any CPU = Debug|Any CPU
		Release|Any CPU = Release|Any CPU
	EndGlobalSection
	GlobalSection(ProjectConfigurationPlatforms) = postSolution
		{698B5EDF-899B-4A2F-8192-4B375C579E24}.Debug|Any CPU.ActiveCfg = Debug|Any CPU
		{698B5EDF-899B-4A2F-8192-4B375C579E24}.Debug|Any CPU.Build.0 = Debug|Any CPU
		{698B5EDF-899B-4A2F-8192-4B375C579E24}.Release|Any CPU.ActiveCfg = Release|Any CPU
		{698B5EDF-899B-4A2F-8192-4B375C579E24}.Release|Any CPU.Build.0 = Release|Any CPU
	EndGlobalSection
	GlobalSection(SolutionProperties) = preSolution
		HideSolutionNode = FALSE
	EndGlobalSection
	GlobalSection(ExtensibilityGlobals) = postSolution
		SolutionGuid = {3BFD586A-A585-4401-8E2F-8D7F49AC802B}
	EndGlobalSection
EndGlobal
